// !$*UTF8*$!
{
	archiveVersion = 1;
	classes = {
	};
	objectVersion = 48;
	objects = {

/* Begin PBXBuildFile section */
		0428ADB61FACA33600FC4136 /* AppDelegate.swift in Sources */ = {isa = PBXBuildFile; fileRef = 0428ADAF1FACA33600FC4136 /* AppDelegate.swift */; };
		0428ADB71FACA33600FC4136 /* Assets.xcassets in Resources */ = {isa = PBXBuildFile; fileRef = 0428ADB21FACA33600FC4136 /* Assets.xcassets */; };
		0428ADB81FACA33600FC4136 /* MainMenu.xib in Resources */ = {isa = PBXBuildFile; fileRef = 0428ADB41FACA33600FC4136 /* MainMenu.xib */; };
		0428ADBD1FACA36E00FC4136 /* XcodePMTests.swift in Sources */ = {isa = PBXBuildFile; fileRef = 0428ADBC1FACA36E00FC4136 /* XcodePMTests.swift */; };
		34817516AD0E52080D4CCD47 /* Pods_XcodePMTests.framework in Frameworks */ = {isa = PBXBuildFile; fileRef = AEF20A474EE80C182D60A274 /* Pods_XcodePMTests.framework */; };
		C5A139FA211843D846073504 /* Pods_XcodePM.framework in Frameworks */ = {isa = PBXBuildFile; fileRef = 4A95F80DCE10EADF442943B4 /* Pods_XcodePM.framework */; };
/* End PBXBuildFile section */

/* Begin PBXContainerItemProxy section */
		0480F7001FA882CD00DE023B /* PBXContainerItemProxy */ = {
			isa = PBXContainerItemProxy;
			containerPortal = 0480F6DE1FA87F8200DE023B /* Project object */;
			proxyType = 1;
			remoteGlobalIDString = 0480F6E51FA87F8200DE023B;
			remoteInfo = XcodePM;
		};
/* End PBXContainerItemProxy section */

/* Begin PBXFileReference section */
		0428ADAF1FACA33600FC4136 /* AppDelegate.swift */ = {isa = PBXFileReference; fileEncoding = 4; lastKnownFileType = sourcecode.swift; path = AppDelegate.swift; sourceTree = "<group>"; };
		0428ADB21FACA33600FC4136 /* Assets.xcassets */ = {isa = PBXFileReference; lastKnownFileType = folder.assetcatalog; path = Assets.xcassets; sourceTree = "<group>"; };
		0428ADB51FACA33600FC4136 /* Base */ = {isa = PBXFileReference; lastKnownFileType = file.xib; name = Base; path = Base.lproj/MainMenu.xib; sourceTree = "<group>"; };
		0428ADB91FACA33C00FC4136 /* Info.plist */ = {isa = PBXFileReference; lastKnownFileType = text.plist.xml; path = Info.plist; sourceTree = "<group>"; };
		0428ADBA1FACA34200FC4136 /* XcodePM.entitlements */ = {isa = PBXFileReference; lastKnownFileType = text.plist.entitlements; path = XcodePM.entitlements; sourceTree = "<group>"; };
		0428ADBC1FACA36E00FC4136 /* XcodePMTests.swift */ = {isa = PBXFileReference; fileEncoding = 4; lastKnownFileType = sourcecode.swift; path = XcodePMTests.swift; sourceTree = "<group>"; };
		0428ADBE1FACA37B00FC4136 /* Tests.plist */ = {isa = PBXFileReference; lastKnownFileType = text.plist.xml; path = Tests.plist; sourceTree = "<group>"; };
		0428ADC31FACB4EC00FC4136 /* App.xcconfig */ = {isa = PBXFileReference; lastKnownFileType = text.xcconfig; path = App.xcconfig; sourceTree = "<group>"; };
		0428ADC41FACB4EC00FC4136 /* Tests.xcconfig */ = {isa = PBXFileReference; lastKnownFileType = text.xcconfig; path = Tests.xcconfig; sourceTree = "<group>"; };
		0428ADC51FACB6A300FC4136 /* Base.xcconfig */ = {isa = PBXFileReference; lastKnownFileType = text.xcconfig; path = Base.xcconfig; sourceTree = "<group>"; };
		0480F6E61FA87F8200DE023B /* XcodePM.app */ = {isa = PBXFileReference; explicitFileType = wrapper.application; includeInIndex = 0; path = XcodePM.app; sourceTree = BUILT_PRODUCTS_DIR; };
		0480F6FB1FA882CD00DE023B /* XcodePMTests.xctest */ = {isa = PBXFileReference; explicitFileType = wrapper.cfbundle; includeInIndex = 0; path = XcodePMTests.xctest; sourceTree = BUILT_PRODUCTS_DIR; };
		30CB5949C02603C01E61446D /* Pods-XcodePM.debug.xcconfig */ = {isa = PBXFileReference; includeInIndex = 1; lastKnownFileType = text.xcconfig; name = "Pods-XcodePM.debug.xcconfig"; path = "Pods/Target Support Files/Pods-XcodePM/Pods-XcodePM.debug.xcconfig"; sourceTree = "<group>"; };
		4A95F80DCE10EADF442943B4 /* Pods_XcodePM.framework */ = {isa = PBXFileReference; explicitFileType = wrapper.framework; includeInIndex = 0; path = Pods_XcodePM.framework; sourceTree = BUILT_PRODUCTS_DIR; };
		AEF20A474EE80C182D60A274 /* Pods_XcodePMTests.framework */ = {isa = PBXFileReference; explicitFileType = wrapper.framework; includeInIndex = 0; path = Pods_XcodePMTests.framework; sourceTree = BUILT_PRODUCTS_DIR; };
		B34451255B61E89321B118DD /* Pods-XcodePMTests.debug.xcconfig */ = {isa = PBXFileReference; includeInIndex = 1; lastKnownFileType = text.xcconfig; name = "Pods-XcodePMTests.debug.xcconfig"; path = "Pods/Target Support Files/Pods-XcodePMTests/Pods-XcodePMTests.debug.xcconfig"; sourceTree = "<group>"; };
		B9D1D1EBB0374B6A3EFCA00C /* Pods-XcodePMTests.release.xcconfig */ = {isa = PBXFileReference; includeInIndex = 1; lastKnownFileType = text.xcconfig; name = "Pods-XcodePMTests.release.xcconfig"; path = "Pods/Target Support Files/Pods-XcodePMTests/Pods-XcodePMTests.release.xcconfig"; sourceTree = "<group>"; };
		C66D6630071A0DFBC85B0A36 /* Pods-XcodePM.release.xcconfig */ = {isa = PBXFileReference; includeInIndex = 1; lastKnownFileType = text.xcconfig; name = "Pods-XcodePM.release.xcconfig"; path = "Pods/Target Support Files/Pods-XcodePM/Pods-XcodePM.release.xcconfig"; sourceTree = "<group>"; };
/* End PBXFileReference section */

/* Begin PBXFrameworksBuildPhase section */
		0480F6E31FA87F8200DE023B /* Frameworks */ = {
			isa = PBXFrameworksBuildPhase;
			buildActionMask = 2147483647;
			files = (
				C5A139FA211843D846073504 /* Pods_XcodePM.framework in Frameworks */,
			);
			runOnlyForDeploymentPostprocessing = 0;
		};
		0480F6F81FA882CD00DE023B /* Frameworks */ = {
			isa = PBXFrameworksBuildPhase;
			buildActionMask = 2147483647;
			files = (
				34817516AD0E52080D4CCD47 /* Pods_XcodePMTests.framework in Frameworks */,
			);
			runOnlyForDeploymentPostprocessing = 0;
		};
/* End PBXFrameworksBuildPhase section */

/* Begin PBXGroup section */
		0428ADAD1FACA33600FC4136 /* Sources */ = {
			isa = PBXGroup;
			children = (
				0428ADAE1FACA33600FC4136 /* App */,
				0428ADB01FACA33600FC4136 /* Resources */,
			);
			path = Sources;
			sourceTree = "<group>";
		};
		0428ADAE1FACA33600FC4136 /* App */ = {
			isa = PBXGroup;
			children = (
				0428ADAF1FACA33600FC4136 /* AppDelegate.swift */,
			);
			path = App;
			sourceTree = "<group>";
		};
		0428ADB01FACA33600FC4136 /* Resources */ = {
			isa = PBXGroup;
			children = (
				0428ADB11FACA33600FC4136 /* Images */,
				0428ADB31FACA33600FC4136 /* Storyboards */,
			);
			path = Resources;
			sourceTree = "<group>";
		};
		0428ADB11FACA33600FC4136 /* Images */ = {
			isa = PBXGroup;
			children = (
				0428ADB21FACA33600FC4136 /* Assets.xcassets */,
			);
			path = Images;
			sourceTree = "<group>";
		};
		0428ADB31FACA33600FC4136 /* Storyboards */ = {
			isa = PBXGroup;
			children = (
				0428ADB41FACA33600FC4136 /* MainMenu.xib */,
			);
			path = Storyboards;
			sourceTree = "<group>";
		};
		0428ADBB1FACA36E00FC4136 /* Tests */ = {
			isa = PBXGroup;
			children = (
				0428ADBC1FACA36E00FC4136 /* XcodePMTests.swift */,
			);
			path = Tests;
			sourceTree = "<group>";
		};
		0428ADC21FACB4EC00FC4136 /* Config */ = {
			isa = PBXGroup;
			children = (
				0428ADC31FACB4EC00FC4136 /* App.xcconfig */,
				0428ADC41FACB4EC00FC4136 /* Tests.xcconfig */,
				0428ADC51FACB6A300FC4136 /* Base.xcconfig */,
			);
			path = Config;
			sourceTree = "<group>";
		};
		0480F6DD1FA87F8200DE023B = {
			isa = PBXGroup;
			children = (
				0428ADBA1FACA34200FC4136 /* XcodePM.entitlements */,
				0428ADB91FACA33C00FC4136 /* Info.plist */,
				0428ADBE1FACA37B00FC4136 /* Tests.plist */,
				0428ADC21FACB4EC00FC4136 /* Config */,
				0428ADAD1FACA33600FC4136 /* Sources */,
				0428ADBB1FACA36E00FC4136 /* Tests */,
				0480F6E71FA87F8200DE023B /* Products */,
				464082A78CACC1ED1F9F25A9 /* Pods */,
				0AF8695EF706FFA2FDD67AD6 /* Frameworks */,
			);
			sourceTree = "<group>";
		};
		0480F6E71FA87F8200DE023B /* Products */ = {
			isa = PBXGroup;
			children = (
				0480F6E61FA87F8200DE023B /* XcodePM.app */,
				0480F6FB1FA882CD00DE023B /* XcodePMTests.xctest */,
			);
			name = Products;
			sourceTree = "<group>";
		};
		0AF8695EF706FFA2FDD67AD6 /* Frameworks */ = {
			isa = PBXGroup;
			children = (
				4A95F80DCE10EADF442943B4 /* Pods_XcodePM.framework */,
				AEF20A474EE80C182D60A274 /* Pods_XcodePMTests.framework */,
			);
			name = Frameworks;
			sourceTree = "<group>";
		};
		464082A78CACC1ED1F9F25A9 /* Pods */ = {
			isa = PBXGroup;
			children = (
				30CB5949C02603C01E61446D /* Pods-XcodePM.debug.xcconfig */,
				C66D6630071A0DFBC85B0A36 /* Pods-XcodePM.release.xcconfig */,
				B34451255B61E89321B118DD /* Pods-XcodePMTests.debug.xcconfig */,
				B9D1D1EBB0374B6A3EFCA00C /* Pods-XcodePMTests.release.xcconfig */,
			);
			name = Pods;
			sourceTree = "<group>";
		};
/* End PBXGroup section */

/* Begin PBXNativeTarget section */
		0480F6E51FA87F8200DE023B /* XcodePM */ = {
			isa = PBXNativeTarget;
			buildConfigurationList = 0480F6F41FA87F8200DE023B /* Build configuration list for PBXNativeTarget "XcodePM" */;
			buildPhases = (
				3AB84AB177D7065D3B87202B /* [CP] Check Pods Manifest.lock */,
				0480F6E21FA87F8200DE023B /* Sources */,
				0480F6E31FA87F8200DE023B /* Frameworks */,
				0480F6E41FA87F8200DE023B /* Resources */,
				9B45B25BF0D1A4FE19127504 /* [CP] Embed Pods Frameworks */,
				FDC7A76C9BACF665568CD407 /* [CP] Copy Pods Resources */,
			);
			buildRules = (
			);
			dependencies = (
			);
			name = XcodePM;
			productName = XcodePM;
			productReference = 0480F6E61FA87F8200DE023B /* XcodePM.app */;
			productType = "com.apple.product-type.application";
		};
		0480F6FA1FA882CD00DE023B /* XcodePMTests */ = {
			isa = PBXNativeTarget;
			buildConfigurationList = 0480F7041FA882CD00DE023B /* Build configuration list for PBXNativeTarget "XcodePMTests" */;
			buildPhases = (
				81A6A451B4517EC935361530 /* [CP] Check Pods Manifest.lock */,
				0480F6F71FA882CD00DE023B /* Sources */,
				0480F6F81FA882CD00DE023B /* Frameworks */,
				0480F6F91FA882CD00DE023B /* Resources */,
				A23F673E34093AB95EE97361 /* [CP] Embed Pods Frameworks */,
				05F542C9850FBB6B753798BD /* [CP] Copy Pods Resources */,
			);
			buildRules = (
			);
			dependencies = (
				0480F7011FA882CD00DE023B /* PBXTargetDependency */,
			);
			name = XcodePMTests;
			productName = XcodePMTests;
			productReference = 0480F6FB1FA882CD00DE023B /* XcodePMTests.xctest */;
			productType = "com.apple.product-type.bundle.unit-test";
		};
/* End PBXNativeTarget section */

/* Begin PBXProject section */
		0480F6DE1FA87F8200DE023B /* Project object */ = {
			isa = PBXProject;
			attributes = {
				LastSwiftUpdateCheck = 0900;
				LastUpgradeCheck = 0900;
				ORGANIZATIONNAME = microfeatures;
				TargetAttributes = {
					0480F6E51FA87F8200DE023B = {
						CreatedOnToolsVersion = 9.0.1;
						ProvisioningStyle = Automatic;
					};
					0480F6FA1FA882CD00DE023B = {
						CreatedOnToolsVersion = 9.0.1;
						ProvisioningStyle = Automatic;
						TestTargetID = 0480F6E51FA87F8200DE023B;
					};
				};
			};
			buildConfigurationList = 0480F6E11FA87F8200DE023B /* Build configuration list for PBXProject "XcodePM" */;
			compatibilityVersion = "Xcode 8.0";
			developmentRegion = en;
			hasScannedForEncodings = 0;
			knownRegions = (
				en,
				Base,
			);
			mainGroup = 0480F6DD1FA87F8200DE023B;
			productRefGroup = 0480F6E71FA87F8200DE023B /* Products */;
			projectDirPath = "";
			projectRoot = "";
			targets = (
				0480F6E51FA87F8200DE023B /* XcodePM */,
				0480F6FA1FA882CD00DE023B /* XcodePMTests */,
			);
		};
/* End PBXProject section */

/* Begin PBXResourcesBuildPhase section */
		0480F6E41FA87F8200DE023B /* Resources */ = {
			isa = PBXResourcesBuildPhase;
			buildActionMask = 2147483647;
			files = (
				0428ADB71FACA33600FC4136 /* Assets.xcassets in Resources */,
				0428ADB81FACA33600FC4136 /* MainMenu.xib in Resources */,
			);
			runOnlyForDeploymentPostprocessing = 0;
		};
		0480F6F91FA882CD00DE023B /* Resources */ = {
			isa = PBXResourcesBuildPhase;
			buildActionMask = 2147483647;
			files = (
			);
			runOnlyForDeploymentPostprocessing = 0;
		};
/* End PBXResourcesBuildPhase section */

/* Begin PBXShellScriptBuildPhase section */
		05F542C9850FBB6B753798BD /* [CP] Copy Pods Resources */ = {
			isa = PBXShellScriptBuildPhase;
			buildActionMask = 2147483647;
			files = (
			);
			inputPaths = (
			);
			name = "[CP] Copy Pods Resources";
			outputPaths = (
			);
			runOnlyForDeploymentPostprocessing = 0;
			shellPath = /bin/sh;
			shellScript = "\"${SRCROOT}/Pods/Target Support Files/Pods-XcodePMTests/Pods-XcodePMTests-resources.sh\"\n";
			showEnvVarsInLog = 0;
		};
		3AB84AB177D7065D3B87202B /* [CP] Check Pods Manifest.lock */ = {
			isa = PBXShellScriptBuildPhase;
			buildActionMask = 2147483647;
			files = (
			);
			inputPaths = (
				"${PODS_PODFILE_DIR_PATH}/Podfile.lock",
				"${PODS_ROOT}/Manifest.lock",
			);
			name = "[CP] Check Pods Manifest.lock";
			outputPaths = (
				"$(DERIVED_FILE_DIR)/Pods-XcodePM-checkManifestLockResult.txt",
			);
			runOnlyForDeploymentPostprocessing = 0;
			shellPath = /bin/sh;
			shellScript = "diff \"${PODS_PODFILE_DIR_PATH}/Podfile.lock\" \"${PODS_ROOT}/Manifest.lock\" > /dev/null\nif [ $? != 0 ] ; then\n    # print error to STDERR\n    echo \"error: The sandbox is not in sync with the Podfile.lock. Run 'pod install' or update your CocoaPods installation.\" >&2\n    exit 1\nfi\n# This output is used by Xcode 'outputs' to avoid re-running this script phase.\necho \"SUCCESS\" > \"${SCRIPT_OUTPUT_FILE_0}\"\n";
			showEnvVarsInLog = 0;
		};
		81A6A451B4517EC935361530 /* [CP] Check Pods Manifest.lock */ = {
			isa = PBXShellScriptBuildPhase;
			buildActionMask = 2147483647;
			files = (
			);
			inputPaths = (
				"${PODS_PODFILE_DIR_PATH}/Podfile.lock",
				"${PODS_ROOT}/Manifest.lock",
			);
			name = "[CP] Check Pods Manifest.lock";
			outputPaths = (
				"$(DERIVED_FILE_DIR)/Pods-XcodePMTests-checkManifestLockResult.txt",
			);
			runOnlyForDeploymentPostprocessing = 0;
			shellPath = /bin/sh;
			shellScript = "diff \"${PODS_PODFILE_DIR_PATH}/Podfile.lock\" \"${PODS_ROOT}/Manifest.lock\" > /dev/null\nif [ $? != 0 ] ; then\n    # print error to STDERR\n    echo \"error: The sandbox is not in sync with the Podfile.lock. Run 'pod install' or update your CocoaPods installation.\" >&2\n    exit 1\nfi\n# This output is used by Xcode 'outputs' to avoid re-running this script phase.\necho \"SUCCESS\" > \"${SCRIPT_OUTPUT_FILE_0}\"\n";
			showEnvVarsInLog = 0;
		};
		9B45B25BF0D1A4FE19127504 /* [CP] Embed Pods Frameworks */ = {
			isa = PBXShellScriptBuildPhase;
			buildActionMask = 2147483647;
			files = (
			);
			inputPaths = (
				"${SRCROOT}/Pods/Target Support Files/Pods-XcodePM/Pods-XcodePM-frameworks.sh",
				"${BUILT_PRODUCTS_DIR}/AEXML/AEXML.framework",
				"${BUILT_PRODUCTS_DIR}/PathKit/PathKit.framework",
				"${BUILT_PRODUCTS_DIR}/RxCocoa/RxCocoa.framework",
				"${BUILT_PRODUCTS_DIR}/RxSwift/RxSwift.framework",
				"${PODS_ROOT}/Sparkle/Sparkle.framework",
				"${PODS_ROOT}/Sparkle/Sparkle.framework.dSYM",
				"${BUILT_PRODUCTS_DIR}/xcproj/xcproj.framework",
			);
			name = "[CP] Embed Pods Frameworks";
			outputPaths = (
				"${TARGET_BUILD_DIR}/${FRAMEWORKS_FOLDER_PATH}/AEXML.framework",
				"${TARGET_BUILD_DIR}/${FRAMEWORKS_FOLDER_PATH}/PathKit.framework",
				"${TARGET_BUILD_DIR}/${FRAMEWORKS_FOLDER_PATH}/RxCocoa.framework",
				"${TARGET_BUILD_DIR}/${FRAMEWORKS_FOLDER_PATH}/RxSwift.framework",
				"${TARGET_BUILD_DIR}/${FRAMEWORKS_FOLDER_PATH}/Sparkle.framework",
				"${DWARF_DSYM_FOLDER_PATH}/Sparkle.framework.dSYM",
				"${TARGET_BUILD_DIR}/${FRAMEWORKS_FOLDER_PATH}/xcproj.framework",
			);
			runOnlyForDeploymentPostprocessing = 0;
			shellPath = /bin/sh;
			shellScript = "\"${SRCROOT}/Pods/Target Support Files/Pods-XcodePM/Pods-XcodePM-frameworks.sh\"\n";
			showEnvVarsInLog = 0;
		};
		A23F673E34093AB95EE97361 /* [CP] Embed Pods Frameworks */ = {
			isa = PBXShellScriptBuildPhase;
			buildActionMask = 2147483647;
			files = (
			);
			inputPaths = (
				"${SRCROOT}/Pods/Target Support Files/Pods-XcodePMTests/Pods-XcodePMTests-frameworks.sh",
				"${PODS_ROOT}/Sparkle/Sparkle.framework",
				"${PODS_ROOT}/Sparkle/Sparkle.framework.dSYM",
			);
			name = "[CP] Embed Pods Frameworks";
			outputPaths = (
				"${TARGET_BUILD_DIR}/${FRAMEWORKS_FOLDER_PATH}/Sparkle.framework",
				"${DWARF_DSYM_FOLDER_PATH}/Sparkle.framework.dSYM",
			);
			runOnlyForDeploymentPostprocessing = 0;
			shellPath = /bin/sh;
			shellScript = "\"${SRCROOT}/Pods/Target Support Files/Pods-XcodePMTests/Pods-XcodePMTests-frameworks.sh\"\n";
			showEnvVarsInLog = 0;
		};
		FDC7A76C9BACF665568CD407 /* [CP] Copy Pods Resources */ = {
			isa = PBXShellScriptBuildPhase;
			buildActionMask = 2147483647;
			files = (
			);
			inputPaths = (
			);
			name = "[CP] Copy Pods Resources";
			outputPaths = (
			);
			runOnlyForDeploymentPostprocessing = 0;
			shellPath = /bin/sh;
			shellScript = "\"${SRCROOT}/Pods/Target Support Files/Pods-XcodePM/Pods-XcodePM-resources.sh\"\n";
			showEnvVarsInLog = 0;
		};
/* End PBXShellScriptBuildPhase section */

/* Begin PBXSourcesBuildPhase section */
		0480F6E21FA87F8200DE023B /* Sources */ = {
			isa = PBXSourcesBuildPhase;
			buildActionMask = 2147483647;
			files = (
				0428ADB61FACA33600FC4136 /* AppDelegate.swift in Sources */,
			);
			runOnlyForDeploymentPostprocessing = 0;
		};
		0480F6F71FA882CD00DE023B /* Sources */ = {
			isa = PBXSourcesBuildPhase;
			buildActionMask = 2147483647;
			files = (
				0428ADBD1FACA36E00FC4136 /* XcodePMTests.swift in Sources */,
			);
			runOnlyForDeploymentPostprocessing = 0;
		};
/* End PBXSourcesBuildPhase section */

/* Begin PBXTargetDependency section */
		0480F7011FA882CD00DE023B /* PBXTargetDependency */ = {
			isa = PBXTargetDependency;
			target = 0480F6E51FA87F8200DE023B /* XcodePM */;
			targetProxy = 0480F7001FA882CD00DE023B /* PBXContainerItemProxy */;
		};
/* End PBXTargetDependency section */

/* Begin PBXVariantGroup section */
		0428ADB41FACA33600FC4136 /* MainMenu.xib */ = {
			isa = PBXVariantGroup;
			children = (
				0428ADB51FACA33600FC4136 /* Base */,
			);
			name = MainMenu.xib;
			sourceTree = "<group>";
		};
/* End PBXVariantGroup section */

/* Begin XCBuildConfiguration section */
		0480F6F21FA87F8200DE023B /* Debug */ = {
			isa = XCBuildConfiguration;
			baseConfigurationReference = 0428ADC31FACB4EC00FC4136 /* App.xcconfig */;
			buildSettings = {
				CLANG_ENABLE_OBJC_ARC = YES;
				SWIFT_VERSION = 4.0;
			};
			name = Debug;
		};
		0480F6F31FA87F8200DE023B /* Release */ = {
			isa = XCBuildConfiguration;
			baseConfigurationReference = 0428ADC41FACB4EC00FC4136 /* Tests.xcconfig */;
			buildSettings = {
				CLANG_ENABLE_OBJC_ARC = YES;
				SWIFT_VERSION = 4.0;
			};
			name = Release;
		};
		0480F6F51FA87F8200DE023B /* Debug */ = {
			isa = XCBuildConfiguration;
			baseConfigurationReference = 30CB5949C02603C01E61446D /* Pods-XcodePM.debug.xcconfig */;
			buildSettings = {
			};
			name = Debug;
		};
		0480F6F61FA87F8200DE023B /* Release */ = {
			isa = XCBuildConfiguration;
			baseConfigurationReference = C66D6630071A0DFBC85B0A36 /* Pods-XcodePM.release.xcconfig */;
			buildSettings = {
			};
			name = Release;
		};
		0480F7021FA882CD00DE023B /* Debug */ = {
			isa = XCBuildConfiguration;
			baseConfigurationReference = B34451255B61E89321B118DD /* Pods-XcodePMTests.debug.xcconfig */;
			buildSettings = {
			};
			name = Debug;
		};
		0480F7031FA882CD00DE023B /* Release */ = {
			isa = XCBuildConfiguration;
			baseConfigurationReference = B9D1D1EBB0374B6A3EFCA00C /* Pods-XcodePMTests.release.xcconfig */;
			buildSettings = {
			};
			name = Release;
		};
/* End XCBuildConfiguration section */

/* Begin XCConfigurationList section */
		0480F6E11FA87F8200DE023B /* Build configuration list for PBXProject "XcodePM" */ = {
			isa = XCConfigurationList;
			buildConfigurations = (
				0480F6F21FA87F8200DE023B /* Debug */,
				0480F6F31FA87F8200DE023B /* Release */,
			);
			defaultConfigurationIsVisible = 0;
			defaultConfigurationName = Debug;
		};
		0480F6F41FA87F8200DE023B /* Build configuration list for PBXNativeTarget "XcodePM" */ = {
			isa = XCConfigurationList;
			buildConfigurations = (
				0480F6F51FA87F8200DE023B /* Debug */,
				0480F6F61FA87F8200DE023B /* Release */,
			);
			defaultConfigurationIsVisible = 0;
			defaultConfigurationName = Debug;
		};
		0480F7041FA882CD00DE023B /* Build configuration list for PBXNativeTarget "XcodePMTests" */ = {
			isa = XCConfigurationList;
			buildConfigurations = (
				0480F7021FA882CD00DE023B /* Debug */,
				0480F7031FA882CD00DE023B /* Release */,
			);
			defaultConfigurationIsVisible = 0;
			defaultConfigurationName = Debug;
		};
/* End XCConfigurationList section */
	};
	rootObject = 0480F6DE1FA87F8200DE023B /* Project object */;
}
