// !$*UTF8*$!
{
	archiveVersion = 1;
	classes = {
	};
	objectVersion = 48;
	objects = {

/* Begin PBXBuildFile section */
		0428ADB61FACA33600FC4136 /* AppDelegate.swift in Sources */ = {isa = PBXBuildFile; fileRef = 0428ADAF1FACA33600FC4136 /* AppDelegate.swift */; };
		0428ADB71FACA33600FC4136 /* Assets.xcassets in Resources */ = {isa = PBXBuildFile; fileRef = 0428ADB21FACA33600FC4136 /* Assets.xcassets */; };
		0428ADB81FACA33600FC4136 /* MainMenu.xib in Resources */ = {isa = PBXBuildFile; fileRef = 0428ADB41FACA33600FC4136 /* MainMenu.xib */; };
		0449C0E81FBE024500F78874 /* IntroInteractor.swift in Sources */ = {isa = PBXBuildFile; fileRef = 0449C0E71FBE024500F78874 /* IntroInteractor.swift */; };
		0449C0EF1FBE0D4800F78874 /* IntroPresenter.swift in Sources */ = {isa = PBXBuildFile; fileRef = 0449C0EE1FBE0D4800F78874 /* IntroPresenter.swift */; };
		046BC0CD1FB5DDA700BE59F6 /* IntroWindowController.xib in Resources */ = {isa = PBXBuildFile; fileRef = 046BC0CC1FB5DDA700BE59F6 /* IntroWindowController.xib */; };
		047BE53E1FC34CF500C32CB6 /* KeyValueStorage.swift in Sources */ = {isa = PBXBuildFile; fileRef = 047BE53D1FC34CF500C32CB6 /* KeyValueStorage.swift */; };
		048949F91FC425E60001714F /* KeyValueStorageTests.swift in Sources */ = {isa = PBXBuildFile; fileRef = 047BE5401FC34FA400C32CB6 /* KeyValueStorageTests.swift */; };
		048949FA1FC426620001714F /* IntroInteractorTests.swift in Sources */ = {isa = PBXBuildFile; fileRef = 0449C0F01FBE0DDE00F78874 /* IntroInteractorTests.swift */; };
		04B1FB111FB5DEE40094CF45 /* AppCoordinator.swift in Sources */ = {isa = PBXBuildFile; fileRef = 04B1FB101FB5DEE40094CF45 /* AppCoordinator.swift */; };
		04D638C71FB5E1EF0067B570 /* main.swift in Sources */ = {isa = PBXBuildFile; fileRef = 04D638C61FB5E1EF0067B570 /* main.swift */; };
		04D638CA1FB5E3CF0067B570 /* NavigationCoordinator.swift in Sources */ = {isa = PBXBuildFile; fileRef = 04D638C91FB5E3CF0067B570 /* NavigationCoordinator.swift */; };
		04D638CC1FB5E4710067B570 /* IntroWindowController.swift in Sources */ = {isa = PBXBuildFile; fileRef = 04D638CB1FB5E4710067B570 /* IntroWindowController.swift */; };
		04D638CE1FB5EDDE0067B570 /* IntroViewController.swift in Sources */ = {isa = PBXBuildFile; fileRef = 04D638CD1FB5EDDE0067B570 /* IntroViewController.swift */; };
		04D638D21FB5F09A0067B570 /* IntroCoordinator.swift in Sources */ = {isa = PBXBuildFile; fileRef = 04D638D11FB5F09A0067B570 /* IntroCoordinator.swift */; };
		C5A139FA211843D846073504 /* Pods_XcodePM.framework in Frameworks */ = {isa = PBXBuildFile; fileRef = 4A95F80DCE10EADF442943B4 /* Pods_XcodePM.framework */; };
		F18128287E187B5769A4F96E /* Pods_XcodePMTests.framework in Frameworks */ = {isa = PBXBuildFile; fileRef = AEF20A474EE80C182D60A274 /* Pods_XcodePMTests.framework */; };
/* End PBXBuildFile section */

/* Begin PBXContainerItemProxy section */
		048949F41FC425C70001714F /* PBXContainerItemProxy */ = {
			isa = PBXContainerItemProxy;
			containerPortal = 0480F6DE1FA87F8200DE023B /* Project object */;
			proxyType = 1;
			remoteGlobalIDString = 0480F6E51FA87F8200DE023B;
			remoteInfo = XcodePM;
		};
/* End PBXContainerItemProxy section */

/* Begin PBXFileReference section */
		0428ADAF1FACA33600FC4136 /* AppDelegate.swift */ = {isa = PBXFileReference; fileEncoding = 4; lastKnownFileType = sourcecode.swift; path = AppDelegate.swift; sourceTree = "<group>"; };
		0428ADB21FACA33600FC4136 /* Assets.xcassets */ = {isa = PBXFileReference; lastKnownFileType = folder.assetcatalog; path = Assets.xcassets; sourceTree = "<group>"; };
		0428ADB51FACA33600FC4136 /* Base */ = {isa = PBXFileReference; lastKnownFileType = file.xib; name = Base; path = Base.lproj/MainMenu.xib; sourceTree = "<group>"; };
		0428ADB91FACA33C00FC4136 /* Info.plist */ = {isa = PBXFileReference; lastKnownFileType = text.plist.xml; path = Info.plist; sourceTree = "<group>"; };
		0428ADBA1FACA34200FC4136 /* XcodePM.entitlements */ = {isa = PBXFileReference; lastKnownFileType = text.plist.entitlements; path = XcodePM.entitlements; sourceTree = "<group>"; };
		0428ADBE1FACA37B00FC4136 /* Tests.plist */ = {isa = PBXFileReference; lastKnownFileType = text.plist.xml; path = Tests.plist; sourceTree = "<group>"; };
		0428ADC31FACB4EC00FC4136 /* App.xcconfig */ = {isa = PBXFileReference; lastKnownFileType = text.xcconfig; path = App.xcconfig; sourceTree = "<group>"; };
		0428ADC41FACB4EC00FC4136 /* Tests.xcconfig */ = {isa = PBXFileReference; lastKnownFileType = text.xcconfig; path = Tests.xcconfig; sourceTree = "<group>"; };
		0428ADC51FACB6A300FC4136 /* Base.xcconfig */ = {isa = PBXFileReference; lastKnownFileType = text.xcconfig; path = Base.xcconfig; sourceTree = "<group>"; };
		0449C0E71FBE024500F78874 /* IntroInteractor.swift */ = {isa = PBXFileReference; lastKnownFileType = sourcecode.swift; path = IntroInteractor.swift; sourceTree = "<group>"; };
		0449C0EE1FBE0D4800F78874 /* IntroPresenter.swift */ = {isa = PBXFileReference; lastKnownFileType = sourcecode.swift; path = IntroPresenter.swift; sourceTree = "<group>"; };
		0449C0F01FBE0DDE00F78874 /* IntroInteractorTests.swift */ = {isa = PBXFileReference; lastKnownFileType = sourcecode.swift; path = IntroInteractorTests.swift; sourceTree = "<group>"; };
		046BC0CC1FB5DDA700BE59F6 /* IntroWindowController.xib */ = {isa = PBXFileReference; lastKnownFileType = file.xib; path = IntroWindowController.xib; sourceTree = "<group>"; };
		047BE53D1FC34CF500C32CB6 /* KeyValueStorage.swift */ = {isa = PBXFileReference; lastKnownFileType = sourcecode.swift; path = KeyValueStorage.swift; sourceTree = "<group>"; };
		047BE5401FC34FA400C32CB6 /* KeyValueStorageTests.swift */ = {isa = PBXFileReference; lastKnownFileType = sourcecode.swift; path = KeyValueStorageTests.swift; sourceTree = "<group>"; };
		0480F6E61FA87F8200DE023B /* XcodePM.app */ = {isa = PBXFileReference; explicitFileType = wrapper.application; includeInIndex = 0; path = XcodePM.app; sourceTree = BUILT_PRODUCTS_DIR; };
		048949EF1FC425C70001714F /* XcodePMTests.xctest */ = {isa = PBXFileReference; explicitFileType = wrapper.cfbundle; includeInIndex = 0; path = XcodePMTests.xctest; sourceTree = BUILT_PRODUCTS_DIR; };
		04B1FB101FB5DEE40094CF45 /* AppCoordinator.swift */ = {isa = PBXFileReference; lastKnownFileType = sourcecode.swift; path = AppCoordinator.swift; sourceTree = "<group>"; };
		04D638C61FB5E1EF0067B570 /* main.swift */ = {isa = PBXFileReference; lastKnownFileType = sourcecode.swift; path = main.swift; sourceTree = "<group>"; };
		04D638C91FB5E3CF0067B570 /* NavigationCoordinator.swift */ = {isa = PBXFileReference; lastKnownFileType = sourcecode.swift; path = NavigationCoordinator.swift; sourceTree = "<group>"; };
		04D638CB1FB5E4710067B570 /* IntroWindowController.swift */ = {isa = PBXFileReference; lastKnownFileType = sourcecode.swift; path = IntroWindowController.swift; sourceTree = "<group>"; };
		04D638CD1FB5EDDE0067B570 /* IntroViewController.swift */ = {isa = PBXFileReference; lastKnownFileType = sourcecode.swift; path = IntroViewController.swift; sourceTree = "<group>"; };
		04D638D11FB5F09A0067B570 /* IntroCoordinator.swift */ = {isa = PBXFileReference; lastKnownFileType = sourcecode.swift; path = IntroCoordinator.swift; sourceTree = "<group>"; };
		30CB5949C02603C01E61446D /* Pods-XcodePM.debug.xcconfig */ = {isa = PBXFileReference; includeInIndex = 1; lastKnownFileType = text.xcconfig; name = "Pods-XcodePM.debug.xcconfig"; path = "Pods/Target Support Files/Pods-XcodePM/Pods-XcodePM.debug.xcconfig"; sourceTree = "<group>"; };
		4A95F80DCE10EADF442943B4 /* Pods_XcodePM.framework */ = {isa = PBXFileReference; explicitFileType = wrapper.framework; includeInIndex = 0; path = Pods_XcodePM.framework; sourceTree = BUILT_PRODUCTS_DIR; };
		AEF20A474EE80C182D60A274 /* Pods_XcodePMTests.framework */ = {isa = PBXFileReference; explicitFileType = wrapper.framework; includeInIndex = 0; path = Pods_XcodePMTests.framework; sourceTree = BUILT_PRODUCTS_DIR; };
		B34451255B61E89321B118DD /* Pods-XcodePMTests.debug.xcconfig */ = {isa = PBXFileReference; includeInIndex = 1; lastKnownFileType = text.xcconfig; name = "Pods-XcodePMTests.debug.xcconfig"; path = "Pods/Target Support Files/Pods-XcodePMTests/Pods-XcodePMTests.debug.xcconfig"; sourceTree = "<group>"; };
		B9D1D1EBB0374B6A3EFCA00C /* Pods-XcodePMTests.release.xcconfig */ = {isa = PBXFileReference; includeInIndex = 1; lastKnownFileType = text.xcconfig; name = "Pods-XcodePMTests.release.xcconfig"; path = "Pods/Target Support Files/Pods-XcodePMTests/Pods-XcodePMTests.release.xcconfig"; sourceTree = "<group>"; };
		C66D6630071A0DFBC85B0A36 /* Pods-XcodePM.release.xcconfig */ = {isa = PBXFileReference; includeInIndex = 1; lastKnownFileType = text.xcconfig; name = "Pods-XcodePM.release.xcconfig"; path = "Pods/Target Support Files/Pods-XcodePM/Pods-XcodePM.release.xcconfig"; sourceTree = "<group>"; };
/* End PBXFileReference section */

/* Begin PBXFrameworksBuildPhase section */
		0480F6E31FA87F8200DE023B /* Frameworks */ = {
			isa = PBXFrameworksBuildPhase;
			buildActionMask = 2147483647;
			files = (
				C5A139FA211843D846073504 /* Pods_XcodePM.framework in Frameworks */,
			);
			runOnlyForDeploymentPostprocessing = 0;
		};
		048949EC1FC425C70001714F /* Frameworks */ = {
			isa = PBXFrameworksBuildPhase;
			buildActionMask = 2147483647;
			files = (
				F18128287E187B5769A4F96E /* Pods_XcodePMTests.framework in Frameworks */,
			);
			runOnlyForDeploymentPostprocessing = 0;
		};
/* End PBXFrameworksBuildPhase section */

/* Begin PBXGroup section */
		0428ADAD1FACA33600FC4136 /* Sources */ = {
			isa = PBXGroup;
			children = (
				0449C0E91FBE058E00F78874 /* Utils */,
				04D638C81FB5E3C40067B570 /* Coordinator */,
				04B1FB0F1FB5DE4C0094CF45 /* Menu */,
				046BC0CB1FB5DD6F00BE59F6 /* Intro */,
				0428ADAE1FACA33600FC4136 /* App */,
				0428ADB01FACA33600FC4136 /* Resources */,
			);
			path = Sources;
			sourceTree = "<group>";
		};
		0428ADAE1FACA33600FC4136 /* App */ = {
			isa = PBXGroup;
			children = (
				0428ADAF1FACA33600FC4136 /* AppDelegate.swift */,
				04B1FB101FB5DEE40094CF45 /* AppCoordinator.swift */,
				04D638C61FB5E1EF0067B570 /* main.swift */,
			);
			path = App;
			sourceTree = "<group>";
		};
		0428ADB01FACA33600FC4136 /* Resources */ = {
			isa = PBXGroup;
			children = (
				0428ADB11FACA33600FC4136 /* Images */,
			);
			path = Resources;
			sourceTree = "<group>";
		};
		0428ADB11FACA33600FC4136 /* Images */ = {
			isa = PBXGroup;
			children = (
				0428ADB21FACA33600FC4136 /* Assets.xcassets */,
			);
			path = Images;
			sourceTree = "<group>";
		};
		0428ADBB1FACA36E00FC4136 /* Tests */ = {
			isa = PBXGroup;
			children = (
				047BE53F1FC34F9600C32CB6 /* Utils */,
				0449C0ED1FBE078200F78874 /* Intro */,
			);
			path = Tests;
			sourceTree = "<group>";
		};
		0428ADC21FACB4EC00FC4136 /* Config */ = {
			isa = PBXGroup;
			children = (
				0428ADC31FACB4EC00FC4136 /* App.xcconfig */,
				0428ADC41FACB4EC00FC4136 /* Tests.xcconfig */,
				0428ADC51FACB6A300FC4136 /* Base.xcconfig */,
			);
			path = Config;
			sourceTree = "<group>";
		};
		0449C0E91FBE058E00F78874 /* Utils */ = {
			isa = PBXGroup;
			children = (
				047BE53D1FC34CF500C32CB6 /* KeyValueStorage.swift */,
			);
			path = Utils;
			sourceTree = "<group>";
		};
		0449C0ED1FBE078200F78874 /* Intro */ = {
			isa = PBXGroup;
			children = (
				0449C0F01FBE0DDE00F78874 /* IntroInteractorTests.swift */,
			);
			path = Intro;
			sourceTree = "<group>";
		};
		046BC0CB1FB5DD6F00BE59F6 /* Intro */ = {
			isa = PBXGroup;
			children = (
				046BC0CC1FB5DDA700BE59F6 /* IntroWindowController.xib */,
				04D638CB1FB5E4710067B570 /* IntroWindowController.swift */,
				04D638CD1FB5EDDE0067B570 /* IntroViewController.swift */,
				04D638D11FB5F09A0067B570 /* IntroCoordinator.swift */,
				0449C0E71FBE024500F78874 /* IntroInteractor.swift */,
				0449C0EE1FBE0D4800F78874 /* IntroPresenter.swift */,
			);
			path = Intro;
			sourceTree = "<group>";
		};
		047BE53F1FC34F9600C32CB6 /* Utils */ = {
			isa = PBXGroup;
			children = (
				047BE5401FC34FA400C32CB6 /* KeyValueStorageTests.swift */,
			);
			path = Utils;
			sourceTree = "<group>";
		};
		0480F6DD1FA87F8200DE023B = {
			isa = PBXGroup;
			children = (
				0428ADBA1FACA34200FC4136 /* XcodePM.entitlements */,
				0428ADB91FACA33C00FC4136 /* Info.plist */,
				0428ADBE1FACA37B00FC4136 /* Tests.plist */,
				0428ADC21FACB4EC00FC4136 /* Config */,
				0428ADAD1FACA33600FC4136 /* Sources */,
				0428ADBB1FACA36E00FC4136 /* Tests */,
				0480F6E71FA87F8200DE023B /* Products */,
				464082A78CACC1ED1F9F25A9 /* Pods */,
				0AF8695EF706FFA2FDD67AD6 /* Frameworks */,
			);
			sourceTree = "<group>";
		};
		0480F6E71FA87F8200DE023B /* Products */ = {
			isa = PBXGroup;
			children = (
				0480F6E61FA87F8200DE023B /* XcodePM.app */,
				048949EF1FC425C70001714F /* XcodePMTests.xctest */,
			);
			name = Products;
			sourceTree = "<group>";
		};
		04B1FB0F1FB5DE4C0094CF45 /* Menu */ = {
			isa = PBXGroup;
			children = (
				0428ADB41FACA33600FC4136 /* MainMenu.xib */,
			);
			path = Menu;
			sourceTree = "<group>";
		};
		04D638C81FB5E3C40067B570 /* Coordinator */ = {
			isa = PBXGroup;
			children = (
				04D638C91FB5E3CF0067B570 /* NavigationCoordinator.swift */,
			);
			path = Coordinator;
			sourceTree = "<group>";
		};
		0AF8695EF706FFA2FDD67AD6 /* Frameworks */ = {
			isa = PBXGroup;
			children = (
				4A95F80DCE10EADF442943B4 /* Pods_XcodePM.framework */,
				AEF20A474EE80C182D60A274 /* Pods_XcodePMTests.framework */,
			);
			name = Frameworks;
			sourceTree = "<group>";
		};
		464082A78CACC1ED1F9F25A9 /* Pods */ = {
			isa = PBXGroup;
			children = (
				30CB5949C02603C01E61446D /* Pods-XcodePM.debug.xcconfig */,
				C66D6630071A0DFBC85B0A36 /* Pods-XcodePM.release.xcconfig */,
				B34451255B61E89321B118DD /* Pods-XcodePMTests.debug.xcconfig */,
				B9D1D1EBB0374B6A3EFCA00C /* Pods-XcodePMTests.release.xcconfig */,
			);
			name = Pods;
			sourceTree = "<group>";
		};
/* End PBXGroup section */

/* Begin PBXNativeTarget section */
		0480F6E51FA87F8200DE023B /* XcodePM */ = {
			isa = PBXNativeTarget;
			buildConfigurationList = 0480F6F41FA87F8200DE023B /* Build configuration list for PBXNativeTarget "XcodePM" */;
			buildPhases = (
				3AB84AB177D7065D3B87202B /* [CP] Check Pods Manifest.lock */,
				0480F6E21FA87F8200DE023B /* Sources */,
				0480F6E31FA87F8200DE023B /* Frameworks */,
				0480F6E41FA87F8200DE023B /* Resources */,
				9B45B25BF0D1A4FE19127504 /* [CP] Embed Pods Frameworks */,
				FDC7A76C9BACF665568CD407 /* [CP] Copy Pods Resources */,
			);
			buildRules = (
			);
			dependencies = (
			);
			name = XcodePM;
			productName = XcodePM;
			productReference = 0480F6E61FA87F8200DE023B /* XcodePM.app */;
			productType = "com.apple.product-type.application";
		};
		048949EE1FC425C70001714F /* XcodePMTests */ = {
			isa = PBXNativeTarget;
			buildConfigurationList = 048949F61FC425C70001714F /* Build configuration list for PBXNativeTarget "XcodePMTests" */;
			buildPhases = (
				9D3F731669764EE1F9B3615D /* [CP] Check Pods Manifest.lock */,
				048949EB1FC425C70001714F /* Sources */,
				048949EC1FC425C70001714F /* Frameworks */,
				048949ED1FC425C70001714F /* Resources */,
				85AEC86DEA3219C7875AD61E /* [CP] Embed Pods Frameworks */,
				429C698EC9EBB92C809FED68 /* [CP] Copy Pods Resources */,
			);
			buildRules = (
			);
			dependencies = (
				048949F51FC425C70001714F /* PBXTargetDependency */,
			);
			name = XcodePMTests;
			productName = XcodePMTests;
			productReference = 048949EF1FC425C70001714F /* XcodePMTests.xctest */;
			productType = "com.apple.product-type.bundle.unit-test";
		};
/* End PBXNativeTarget section */

/* Begin PBXProject section */
		0480F6DE1FA87F8200DE023B /* Project object */ = {
			isa = PBXProject;
			attributes = {
				LastSwiftUpdateCheck = 0910;
				LastUpgradeCheck = 0910;
				ORGANIZATIONNAME = ppinera;
				TargetAttributes = {
					0480F6E51FA87F8200DE023B = {
						CreatedOnToolsVersion = 9.0.1;
						ProvisioningStyle = Automatic;
					};
					048949EE1FC425C70001714F = {
						CreatedOnToolsVersion = 9.1;
						ProvisioningStyle = Automatic;
						TestTargetID = 0480F6E51FA87F8200DE023B;
					};
				};
			};
			buildConfigurationList = 0480F6E11FA87F8200DE023B /* Build configuration list for PBXProject "XcodePM" */;
			compatibilityVersion = "Xcode 8.0";
			developmentRegion = en;
			hasScannedForEncodings = 0;
			knownRegions = (
				en,
				Base,
			);
			mainGroup = 0480F6DD1FA87F8200DE023B;
			productRefGroup = 0480F6E71FA87F8200DE023B /* Products */;
			projectDirPath = "";
			projectRoot = "";
			targets = (
				0480F6E51FA87F8200DE023B /* XcodePM */,
				048949EE1FC425C70001714F /* XcodePMTests */,
			);
		};
/* End PBXProject section */

/* Begin PBXResourcesBuildPhase section */
		0480F6E41FA87F8200DE023B /* Resources */ = {
			isa = PBXResourcesBuildPhase;
			buildActionMask = 2147483647;
			files = (
				0428ADB71FACA33600FC4136 /* Assets.xcassets in Resources */,
				0428ADB81FACA33600FC4136 /* MainMenu.xib in Resources */,
				046BC0CD1FB5DDA700BE59F6 /* IntroWindowController.xib in Resources */,
			);
			runOnlyForDeploymentPostprocessing = 0;
		};
		048949ED1FC425C70001714F /* Resources */ = {
			isa = PBXResourcesBuildPhase;
			buildActionMask = 2147483647;
			files = (
			);
			runOnlyForDeploymentPostprocessing = 0;
		};
/* End PBXResourcesBuildPhase section */

/* Begin PBXShellScriptBuildPhase section */
		3AB84AB177D7065D3B87202B /* [CP] Check Pods Manifest.lock */ = {
			isa = PBXShellScriptBuildPhase;
			buildActionMask = 2147483647;
			files = (
			);
			inputPaths = (
				"${PODS_PODFILE_DIR_PATH}/Podfile.lock",
				"${PODS_ROOT}/Manifest.lock",
			);
			name = "[CP] Check Pods Manifest.lock";
			outputPaths = (
				"$(DERIVED_FILE_DIR)/Pods-XcodePM-checkManifestLockResult.txt",
			);
			runOnlyForDeploymentPostprocessing = 0;
			shellPath = /bin/sh;
			shellScript = "diff \"${PODS_PODFILE_DIR_PATH}/Podfile.lock\" \"${PODS_ROOT}/Manifest.lock\" > /dev/null\nif [ $? != 0 ] ; then\n    # print error to STDERR\n    echo \"error: The sandbox is not in sync with the Podfile.lock. Run 'pod install' or update your CocoaPods installation.\" >&2\n    exit 1\nfi\n# This output is used by Xcode 'outputs' to avoid re-running this script phase.\necho \"SUCCESS\" > \"${SCRIPT_OUTPUT_FILE_0}\"\n";
			showEnvVarsInLog = 0;
		};
		429C698EC9EBB92C809FED68 /* [CP] Copy Pods Resources */ = {
			isa = PBXShellScriptBuildPhase;
			buildActionMask = 2147483647;
			files = (
			);
			inputPaths = (
			);
			name = "[CP] Copy Pods Resources";
			outputPaths = (
			);
			runOnlyForDeploymentPostprocessing = 0;
			shellPath = /bin/sh;
			shellScript = "\"${SRCROOT}/Pods/Target Support Files/Pods-XcodePMTests/Pods-XcodePMTests-resources.sh\"\n";
			showEnvVarsInLog = 0;
		};
		85AEC86DEA3219C7875AD61E /* [CP] Embed Pods Frameworks */ = {
			isa = PBXShellScriptBuildPhase;
			buildActionMask = 2147483647;
			files = (
			);
			inputPaths = (
				"${SRCROOT}/Pods/Target Support Files/Pods-XcodePMTests/Pods-XcodePMTests-frameworks.sh",
				"${PODS_ROOT}/Sparkle/Sparkle.framework",
				"${PODS_ROOT}/Sparkle/Sparkle.framework.dSYM",
			);
			name = "[CP] Embed Pods Frameworks";
			outputPaths = (
				"${TARGET_BUILD_DIR}/${FRAMEWORKS_FOLDER_PATH}/Sparkle.framework",
				"${DWARF_DSYM_FOLDER_PATH}/Sparkle.framework.dSYM",
			);
			runOnlyForDeploymentPostprocessing = 0;
			shellPath = /bin/sh;
			shellScript = "\"${SRCROOT}/Pods/Target Support Files/Pods-XcodePMTests/Pods-XcodePMTests-frameworks.sh\"\n";
			showEnvVarsInLog = 0;
		};
		9B45B25BF0D1A4FE19127504 /* [CP] Embed Pods Frameworks */ = {
			isa = PBXShellScriptBuildPhase;
			buildActionMask = 2147483647;
			files = (
			);
			inputPaths = (
				"${SRCROOT}/Pods/Target Support Files/Pods-XcodePM/Pods-XcodePM-frameworks.sh",
				"${BUILT_PRODUCTS_DIR}/AEXML/AEXML.framework",
				"${BUILT_PRODUCTS_DIR}/PathKit/PathKit.framework",
				"${BUILT_PRODUCTS_DIR}/RxCocoa/RxCocoa.framework",
				"${BUILT_PRODUCTS_DIR}/RxSwift/RxSwift.framework",
				"${PODS_ROOT}/Sparkle/Sparkle.framework",
				"${PODS_ROOT}/Sparkle/Sparkle.framework.dSYM",
				"${BUILT_PRODUCTS_DIR}/macOSThemeKit/macOSThemeKit.framework",
				"${BUILT_PRODUCTS_DIR}/xcproj/xcproj.framework",
			);
			name = "[CP] Embed Pods Frameworks";
			outputPaths = (
				"${TARGET_BUILD_DIR}/${FRAMEWORKS_FOLDER_PATH}/AEXML.framework",
				"${TARGET_BUILD_DIR}/${FRAMEWORKS_FOLDER_PATH}/PathKit.framework",
				"${TARGET_BUILD_DIR}/${FRAMEWORKS_FOLDER_PATH}/RxCocoa.framework",
				"${TARGET_BUILD_DIR}/${FRAMEWORKS_FOLDER_PATH}/RxSwift.framework",
				"${TARGET_BUILD_DIR}/${FRAMEWORKS_FOLDER_PATH}/Sparkle.framework",
				"${DWARF_DSYM_FOLDER_PATH}/Sparkle.framework.dSYM",
				"${TARGET_BUILD_DIR}/${FRAMEWORKS_FOLDER_PATH}/macOSThemeKit.framework",
				"${TARGET_BUILD_DIR}/${FRAMEWORKS_FOLDER_PATH}/xcproj.framework",
			);
			runOnlyForDeploymentPostprocessing = 0;
			shellPath = /bin/sh;
			shellScript = "\"${SRCROOT}/Pods/Target Support Files/Pods-XcodePM/Pods-XcodePM-frameworks.sh\"\n";
			showEnvVarsInLog = 0;
		};
		9D3F731669764EE1F9B3615D /* [CP] Check Pods Manifest.lock */ = {
			isa = PBXShellScriptBuildPhase;
			buildActionMask = 2147483647;
			files = (
			);
			inputPaths = (
				"${PODS_PODFILE_DIR_PATH}/Podfile.lock",
				"${PODS_ROOT}/Manifest.lock",
			);
			name = "[CP] Check Pods Manifest.lock";
			outputPaths = (
				"$(DERIVED_FILE_DIR)/Pods-XcodePMTests-checkManifestLockResult.txt",
			);
			runOnlyForDeploymentPostprocessing = 0;
			shellPath = /bin/sh;
			shellScript = "diff \"${PODS_PODFILE_DIR_PATH}/Podfile.lock\" \"${PODS_ROOT}/Manifest.lock\" > /dev/null\nif [ $? != 0 ] ; then\n    # print error to STDERR\n    echo \"error: The sandbox is not in sync with the Podfile.lock. Run 'pod install' or update your CocoaPods installation.\" >&2\n    exit 1\nfi\n# This output is used by Xcode 'outputs' to avoid re-running this script phase.\necho \"SUCCESS\" > \"${SCRIPT_OUTPUT_FILE_0}\"\n";
			showEnvVarsInLog = 0;
		};
		FDC7A76C9BACF665568CD407 /* [CP] Copy Pods Resources */ = {
			isa = PBXShellScriptBuildPhase;
			buildActionMask = 2147483647;
			files = (
			);
			inputPaths = (
			);
			name = "[CP] Copy Pods Resources";
			outputPaths = (
			);
			runOnlyForDeploymentPostprocessing = 0;
			shellPath = /bin/sh;
			shellScript = "\"${SRCROOT}/Pods/Target Support Files/Pods-XcodePM/Pods-XcodePM-resources.sh\"\n";
			showEnvVarsInLog = 0;
		};
/* End PBXShellScriptBuildPhase section */

/* Begin PBXSourcesBuildPhase section */
		0480F6E21FA87F8200DE023B /* Sources */ = {
			isa = PBXSourcesBuildPhase;
			buildActionMask = 2147483647;
			files = (
				0449C0EF1FBE0D4800F78874 /* IntroPresenter.swift in Sources */,
				04D638CA1FB5E3CF0067B570 /* NavigationCoordinator.swift in Sources */,
				04B1FB111FB5DEE40094CF45 /* AppCoordinator.swift in Sources */,
				0428ADB61FACA33600FC4136 /* AppDelegate.swift in Sources */,
				04D638CE1FB5EDDE0067B570 /* IntroViewController.swift in Sources */,
				04D638C71FB5E1EF0067B570 /* main.swift in Sources */,
				04D638CC1FB5E4710067B570 /* IntroWindowController.swift in Sources */,
				047BE53E1FC34CF500C32CB6 /* KeyValueStorage.swift in Sources */,
				0449C0E81FBE024500F78874 /* IntroInteractor.swift in Sources */,
				04D638D21FB5F09A0067B570 /* IntroCoordinator.swift in Sources */,
			);
			runOnlyForDeploymentPostprocessing = 0;
		};
		048949EB1FC425C70001714F /* Sources */ = {
			isa = PBXSourcesBuildPhase;
			buildActionMask = 2147483647;
			files = (
				048949F91FC425E60001714F /* KeyValueStorageTests.swift in Sources */,
				048949FA1FC426620001714F /* IntroInteractorTests.swift in Sources */,
			);
			runOnlyForDeploymentPostprocessing = 0;
		};
/* End PBXSourcesBuildPhase section */

/* Begin PBXTargetDependency section */
		048949F51FC425C70001714F /* PBXTargetDependency */ = {
			isa = PBXTargetDependency;
			target = 0480F6E51FA87F8200DE023B /* XcodePM */;
			targetProxy = 048949F41FC425C70001714F /* PBXContainerItemProxy */;
		};
/* End PBXTargetDependency section */

/* Begin PBXVariantGroup section */
		0428ADB41FACA33600FC4136 /* MainMenu.xib */ = {
			isa = PBXVariantGroup;
			children = (
				0428ADB51FACA33600FC4136 /* Base */,
			);
			name = MainMenu.xib;
			sourceTree = "<group>";
		};
/* End PBXVariantGroup section */

/* Begin XCBuildConfiguration section */
		0480F6F21FA87F8200DE023B /* Debug */ = {
			isa = XCBuildConfiguration;
			baseConfigurationReference = 0428ADC31FACB4EC00FC4136 /* App.xcconfig */;
			buildSettings = {
				ALWAYS_SEARCH_USER_PATHS = NO;
				CLANG_ENABLE_OBJC_ARC = YES;
				ENABLE_TESTABILITY = YES;
				SWIFT_VERSION = 4.0;
			};
			name = Debug;
		};
		0480F6F31FA87F8200DE023B /* Release */ = {
			isa = XCBuildConfiguration;
			baseConfigurationReference = 0428ADC41FACB4EC00FC4136 /* Tests.xcconfig */;
			buildSettings = {
				ALWAYS_SEARCH_USER_PATHS = NO;
				CLANG_ENABLE_OBJC_ARC = YES;
				SWIFT_OPTIMIZATION_LEVEL = "-Owholemodule";
				SWIFT_VERSION = 4.0;
			};
			name = Release;
		};
		0480F6F51FA87F8200DE023B /* Debug */ = {
			isa = XCBuildConfiguration;
			baseConfigurationReference = 30CB5949C02603C01E61446D /* Pods-XcodePM.debug.xcconfig */;
			buildSettings = {
				ASSETCATALOG_COMPILER_APPICON_NAME = AppIcon;
			};
			name = Debug;
		};
		0480F6F61FA87F8200DE023B /* Release */ = {
			isa = XCBuildConfiguration;
			baseConfigurationReference = C66D6630071A0DFBC85B0A36 /* Pods-XcodePM.release.xcconfig */;
			buildSettings = {
				ASSETCATALOG_COMPILER_APPICON_NAME = AppIcon;
			};
			name = Release;
		};
		048949F71FC425C70001714F /* Debug */ = {
			isa = XCBuildConfiguration;
			baseConfigurationReference = B34451255B61E89321B118DD /* Pods-XcodePMTests.debug.xcconfig */;
			buildSettings = {
				BUNDLE_LOADER = "$(TEST_HOST)";
				CLANG_ANALYZER_NONNULL = YES;
				CLANG_ANALYZER_NUMBER_OBJECT_CONVERSION = YES_AGGRESSIVE;
				CLANG_CXX_LANGUAGE_STANDARD = "gnu++14";
				CLANG_CXX_LIBRARY = "libc++";
				CLANG_ENABLE_MODULES = YES;
				CLANG_WARN_BLOCK_CAPTURE_AUTORELEASING = YES;
				CLANG_WARN_BOOL_CONVERSION = YES;
				CLANG_WARN_COMMA = YES;
				CLANG_WARN_CONSTANT_CONVERSION = YES;
				CLANG_WARN_DIRECT_OBJC_ISA_USAGE = YES_ERROR;
				CLANG_WARN_DOCUMENTATION_COMMENTS = YES;
				CLANG_WARN_EMPTY_BODY = YES;
				CLANG_WARN_ENUM_CONVERSION = YES;
				CLANG_WARN_INFINITE_RECURSION = YES;
				CLANG_WARN_INT_CONVERSION = YES;
				CLANG_WARN_NON_LITERAL_NULL_CONVERSION = YES;
				CLANG_WARN_OBJC_LITERAL_CONVERSION = YES;
				CLANG_WARN_OBJC_ROOT_CLASS = YES_ERROR;
				CLANG_WARN_RANGE_LOOP_ANALYSIS = YES;
				CLANG_WARN_STRICT_PROTOTYPES = YES;
				CLANG_WARN_SUSPICIOUS_MOVE = YES;
				CLANG_WARN_UNGUARDED_AVAILABILITY = YES_AGGRESSIVE;
				CLANG_WARN_UNREACHABLE_CODE = YES;
				CLANG_WARN__DUPLICATE_METHOD_MATCH = YES;
				COMBINE_HIDPI_IMAGES = YES;
				COPY_PHASE_STRIP = NO;
				DEBUG_INFORMATION_FORMAT = dwarf;
				ENABLE_STRICT_OBJC_MSGSEND = YES;
				GCC_C_LANGUAGE_STANDARD = gnu11;
				GCC_DYNAMIC_NO_PIC = NO;
				GCC_NO_COMMON_BLOCKS = YES;
				GCC_OPTIMIZATION_LEVEL = 0;
				GCC_PREPROCESSOR_DEFINITIONS = (
					"DEBUG=1",
					"$(inherited)",
				);
				GCC_WARN_64_TO_32_BIT_CONVERSION = YES;
				GCC_WARN_ABOUT_RETURN_TYPE = YES_ERROR;
				GCC_WARN_UNDECLARED_SELECTOR = YES;
				GCC_WARN_UNINITIALIZED_AUTOS = YES_AGGRESSIVE;
				GCC_WARN_UNUSED_FUNCTION = YES;
				GCC_WARN_UNUSED_VARIABLE = YES;
				INFOPLIST_FILE = Tests.plist;
				LD_RUNPATH_SEARCH_PATHS = "$(inherited) @executable_path/../Frameworks @loader_path/../Frameworks";
				MACOSX_DEPLOYMENT_TARGET = 10.12;
				MTL_ENABLE_DEBUG_INFO = YES;
				ONLY_ACTIVE_ARCH = YES;
				PRODUCT_BUNDLE_IDENTIFIER = es.ppinera.XcodePMTests;
				PRODUCT_NAME = "$(TARGET_NAME)";
				SDKROOT = macosx;
				SWIFT_ACTIVE_COMPILATION_CONDITIONS = DEBUG;
				SWIFT_OPTIMIZATION_LEVEL = "-Onone";
				SWIFT_VERSION = 4.0;
				TEST_HOST = "$(BUILT_PRODUCTS_DIR)/XcodePM.app/Contents/MacOS/XcodePM";
			};
			name = Debug;
		};
		048949F81FC425C70001714F /* Release */ = {
			isa = XCBuildConfiguration;
			baseConfigurationReference = B9D1D1EBB0374B6A3EFCA00C /* Pods-XcodePMTests.release.xcconfig */;
			buildSettings = {
				BUNDLE_LOADER = "$(TEST_HOST)";
				CLANG_ANALYZER_NONNULL = YES;
				CLANG_ANALYZER_NUMBER_OBJECT_CONVERSION = YES_AGGRESSIVE;
				CLANG_CXX_LANGUAGE_STANDARD = "gnu++14";
				CLANG_CXX_LIBRARY = "libc++";
				CLANG_ENABLE_MODULES = YES;
				CLANG_WARN_BLOCK_CAPTURE_AUTORELEASING = YES;
				CLANG_WARN_BOOL_CONVERSION = YES;
				CLANG_WARN_COMMA = YES;
				CLANG_WARN_CONSTANT_CONVERSION = YES;
				CLANG_WARN_DIRECT_OBJC_ISA_USAGE = YES_ERROR;
				CLANG_WARN_DOCUMENTATION_COMMENTS = YES;
				CLANG_WARN_EMPTY_BODY = YES;
				CLANG_WARN_ENUM_CONVERSION = YES;
				CLANG_WARN_INFINITE_RECURSION = YES;
				CLANG_WARN_INT_CONVERSION = YES;
				CLANG_WARN_NON_LITERAL_NULL_CONVERSION = YES;
				CLANG_WARN_OBJC_LITERAL_CONVERSION = YES;
				CLANG_WARN_OBJC_ROOT_CLASS = YES_ERROR;
				CLANG_WARN_RANGE_LOOP_ANALYSIS = YES;
				CLANG_WARN_STRICT_PROTOTYPES = YES;
				CLANG_WARN_SUSPICIOUS_MOVE = YES;
				CLANG_WARN_UNGUARDED_AVAILABILITY = YES_AGGRESSIVE;
				CLANG_WARN_UNREACHABLE_CODE = YES;
				CLANG_WARN__DUPLICATE_METHOD_MATCH = YES;
				COMBINE_HIDPI_IMAGES = YES;
				COPY_PHASE_STRIP = NO;
				DEBUG_INFORMATION_FORMAT = "dwarf-with-dsym";
				ENABLE_NS_ASSERTIONS = NO;
				ENABLE_STRICT_OBJC_MSGSEND = YES;
				GCC_C_LANGUAGE_STANDARD = gnu11;
				GCC_NO_COMMON_BLOCKS = YES;
				GCC_WARN_64_TO_32_BIT_CONVERSION = YES;
				GCC_WARN_ABOUT_RETURN_TYPE = YES_ERROR;
				GCC_WARN_UNDECLARED_SELECTOR = YES;
				GCC_WARN_UNINITIALIZED_AUTOS = YES_AGGRESSIVE;
				GCC_WARN_UNUSED_FUNCTION = YES;
				GCC_WARN_UNUSED_VARIABLE = YES;
				INFOPLIST_FILE = Tests.plist;
				LD_RUNPATH_SEARCH_PATHS = "$(inherited) @executable_path/../Frameworks @loader_path/../Frameworks";
				MACOSX_DEPLOYMENT_TARGET = 10.12;
				MTL_ENABLE_DEBUG_INFO = NO;
				PRODUCT_BUNDLE_IDENTIFIER = es.ppinera.XcodePMTests;
				PRODUCT_NAME = "$(TARGET_NAME)";
				SDKROOT = macosx;
				SWIFT_VERSION = 4.0;
				TEST_HOST = "$(BUILT_PRODUCTS_DIR)/XcodePM.app/Contents/MacOS/XcodePM";
			};
			name = Release;
		};
/* End XCBuildConfiguration section */

/* Begin XCConfigurationList section */
		0480F6E11FA87F8200DE023B /* Build configuration list for PBXProject "XcodePM" */ = {
			isa = XCConfigurationList;
			buildConfigurations = (
				0480F6F21FA87F8200DE023B /* Debug */,
				0480F6F31FA87F8200DE023B /* Release */,
			);
			defaultConfigurationIsVisible = 0;
			defaultConfigurationName = Debug;
		};
		0480F6F41FA87F8200DE023B /* Build configuration list for PBXNativeTarget "XcodePM" */ = {
			isa = XCConfigurationList;
			buildConfigurations = (
				0480F6F51FA87F8200DE023B /* Debug */,
				0480F6F61FA87F8200DE023B /* Release */,
			);
			defaultConfigurationIsVisible = 0;
			defaultConfigurationName = Debug;
		};
		048949F61FC425C70001714F /* Build configuration list for PBXNativeTarget "XcodePMTests" */ = {
			isa = XCConfigurationList;
			buildConfigurations = (
				048949F71FC425C70001714F /* Debug */,
				048949F81FC425C70001714F /* Release */,
			);
			defaultConfigurationIsVisible = 0;
			defaultConfigurationName = Debug;
		};
/* End XCConfigurationList section */
	};
	rootObject = 0480F6DE1FA87F8200DE023B /* Project object */;
}
